
Microsoft Visual Studio Solution File, Format Version 12.00
# Visual Studio Version 16
VisualStudioVersion = 16.0.30804.86
MinimumVisualStudioVersion = 10.0.40219.1
Project("{9A19103F-16F7-4668-BE54-9A1E7A4F7556}") = "YazilimciKampi", "YazilimciKampi\YazilimciKampi.csproj", "{37665C8F-9E4E-422B-B440-F5060F8A7E7C}"
EndProject
Project("{9A19103F-16F7-4668-BE54-9A1E7A4F7556}") = "Donguler", "Donguler\Donguler.csproj", "{938E2DA5-95DC-4A98-A484-B02003747942}"
EndProject
Project("{9A19103F-16F7-4668-BE54-9A1E7A4F7556}") = "ClassIntro", "ClassIntro\ClassIntro.csproj", "{615646DF-E987-46FD-8593-5C54F5193238}"
EndProject
Project("{9A19103F-16F7-4668-BE54-9A1E7A4F7556}") = "Metodlar", "Metodlar\Metodlar.csproj", "{B69A2F34-E3C0-4D30-8A16-D7E5842EE9CC}"
EndProject
Project("{FAE04EC0-301F-11D3-BF4B-00C04F79EFBC}") = "DegerveReferansTipler", "DegerveReferansTipler\DegerveReferansTipler.csproj", "{32339308-BA3A-4AC5-8130-0B677FA0C9A2}"
EndProject
Project("{FAE04EC0-301F-11D3-BF4B-00C04F79EFBC}") = "ClassMetotDemo", "ClassMetotDemo\ClassMetotDemo.csproj", "{1EE765F6-DD30-4EF6-AE1D-7A942EC5633D}"
EndProject
Project("{FAE04EC0-301F-11D3-BF4B-00C04F79EFBC}") = "VideoOdevler", "VideoOdevler\VideoOdevler.csproj", "{11980701-B26A-440C-90F7-A9EF97A45C40}"
EndProject
Global
	GlobalSection(SolutionConfigurationPlatforms) = preSolution
		Debug|Any CPU = Debug|Any CPU
		Release|Any CPU = Release|Any CPU
	EndGlobalSection
	GlobalSection(ProjectConfigurationPlatforms) = postSolution
		{37665C8F-9E4E-422B-B440-F5060F8A7E7C}.Debug|Any CPU.ActiveCfg = Debug|Any CPU
		{37665C8F-9E4E-422B-B440-F5060F8A7E7C}.Debug|Any CPU.Build.0 = Debug|Any CPU
		{37665C8F-9E4E-422B-B440-F5060F8A7E7C}.Release|Any CPU.ActiveCfg = Release|Any CPU
		{37665C8F-9E4E-422B-B440-F5060F8A7E7C}.Release|Any CPU.Build.0 = Release|Any CPU
		{938E2DA5-95DC-4A98-A484-B02003747942}.Debug|Any CPU.ActiveCfg = Debug|Any CPU
		{938E2DA5-95DC-4A98-A484-B02003747942}.Debug|Any CPU.Build.0 = Debug|Any CPU
		{938E2DA5-95DC-4A98-A484-B02003747942}.Release|Any CPU.ActiveCfg = Release|Any CPU
		{938E2DA5-95DC-4A98-A484-B02003747942}.Release|Any CPU.Build.0 = Release|Any CPU
		{615646DF-E987-46FD-8593-5C54F5193238}.Debug|Any CPU.ActiveCfg = Debug|Any CPU
		{615646DF-E987-46FD-8593-5C54F5193238}.Debug|Any CPU.Build.0 = Debug|Any CPU
		{615646DF-E987-46FD-8593-5C54F5193238}.Release|Any CPU.ActiveCfg = Release|Any CPU
		{615646DF-E987-46FD-8593-5C54F5193238}.Release|Any CPU.Build.0 = Release|Any CPU
		{B69A2F34-E3C0-4D30-8A16-D7E5842EE9CC}.Debug|Any CPU.ActiveCfg = Debug|Any CPU
		{B69A2F34-E3C0-4D30-8A16-D7E5842EE9CC}.Debug|Any CPU.Build.0 = Debug|Any CPU
		{B69A2F34-E3C0-4D30-8A16-D7E5842EE9CC}.Release|Any CPU.ActiveCfg = Release|Any CPU
		{B69A2F34-E3C0-4D30-8A16-D7E5842EE9CC}.Release|Any CPU.Build.0 = Release|Any CPU
		{32339308-BA3A-4AC5-8130-0B677FA0C9A2}.Debug|Any CPU.ActiveCfg = Debug|Any CPU
		{32339308-BA3A-4AC5-8130-0B677FA0C9A2}.Debug|Any CPU.Build.0 = Debug|Any CPU
		{32339308-BA3A-4AC5-8130-0B677FA0C9A2}.Release|Any CPU.ActiveCfg = Release|Any CPU
		{32339308-BA3A-4AC5-8130-0B677FA0C9A2}.Release|Any CPU.Build.0 = Release|Any CPU
		{1EE765F6-DD30-4EF6-AE1D-7A942EC5633D}.Debug|Any CPU.ActiveCfg = Debug|Any CPU
		{1EE765F6-DD30-4EF6-AE1D-7A942EC5633D}.Debug|Any CPU.Build.0 = Debug|Any CPU
		{1EE765F6-DD30-4EF6-AE1D-7A942EC5633D}.Release|Any CPU.ActiveCfg = Release|Any CPU
		{1EE765F6-DD30-4EF6-AE1D-7A942EC5633D}.Release|Any CPU.Build.0 = Release|Any CPU
		{11980701-B26A-440C-90F7-A9EF97A45C40}.Debug|Any CPU.ActiveCfg = Debug|Any CPU
		{11980701-B26A-440C-90F7-A9EF97A45C40}.Debug|Any CPU.Build.0 = Debug|Any CPU
		{11980701-B26A-440C-90F7-A9EF97A45C40}.Release|Any CPU.ActiveCfg = Release|Any CPU
		{11980701-B26A-440C-90F7-A9EF97A45C40}.Release|Any CPU.Build.0 = Release|Any CPU
	EndGlobalSection
	GlobalSection(SolutionProperties) = preSolution
		HideSolutionNode = FALSE
	EndGlobalSection
	GlobalSection(ExtensibilityGlobals) = postSolution
		SolutionGuid = {0AFA89B8-1C49-4DA6-9B5A-825C148836F9}
	EndGlobalSection
EndGlobal
